
Microsoft Visual Studio Solution File, Format Version 12.00
# Visual Studio 14
VisualStudioVersion = 14.0.25420.1
MinimumVisualStudioVersion = 10.0.40219.1
Project("{00D1A9C2-B5F0-4AF3-8072-F6C62B433612}") = "Labo1", "Labo1\Labo1.sqlproj", "{CF611977-34B1-4457-B28C-E6CC11C23742}"
EndProject
Project("{FAE04EC0-301F-11D3-BF4B-00C04F79EFBC}") = "Labo1DB", "Labo1DB\Labo1DB.csproj", "{0E25C560-646B-4D44-BCCC-2003436E639E}"
EndProject
Global
	GlobalSection(SolutionConfigurationPlatforms) = preSolution
		Debug|Any CPU = Debug|Any CPU
		Release|Any CPU = Release|Any CPU
	EndGlobalSection
	GlobalSection(ProjectConfigurationPlatforms) = postSolution
		{CF611977-34B1-4457-B28C-E6CC11C23742}.Debug|Any CPU.ActiveCfg = Debug|Any CPU
		{CF611977-34B1-4457-B28C-E6CC11C23742}.Debug|Any CPU.Build.0 = Debug|Any CPU
		{CF611977-34B1-4457-B28C-E6CC11C23742}.Debug|Any CPU.Deploy.0 = Debug|Any CPU
		{CF611977-34B1-4457-B28C-E6CC11C23742}.Release|Any CPU.ActiveCfg = Release|Any CPU
		{CF611977-34B1-4457-B28C-E6CC11C23742}.Release|Any CPU.Build.0 = Release|Any CPU
		{CF611977-34B1-4457-B28C-E6CC11C23742}.Release|Any CPU.Deploy.0 = Release|Any CPU
		{0E25C560-646B-4D44-BCCC-2003436E639E}.Debug|Any CPU.ActiveCfg = Debug|Any CPU
		{0E25C560-646B-4D44-BCCC-2003436E639E}.Debug|Any CPU.Build.0 = Debug|Any CPU
		{0E25C560-646B-4D44-BCCC-2003436E639E}.Release|Any CPU.ActiveCfg = Release|Any CPU
		{0E25C560-646B-4D44-BCCC-2003436E639E}.Release|Any CPU.Build.0 = Release|Any CPU
	EndGlobalSection
	GlobalSection(SolutionProperties) = preSolution
		HideSolutionNode = FALSE
	EndGlobalSection
EndGlobal
