
Microsoft Visual Studio Solution File, Format Version 12.00
# Visual Studio 14
VisualStudioVersion = 14.0.25420.1
MinimumVisualStudioVersion = 10.0.40219.1
Project("{FAE04EC0-301F-11D3-BF4B-00C04F79EFBC}") = "Labo3", "Labo3\Labo3.csproj", "{3B730804-F540-40D1-8CB8-86A729A86D4F}"
EndProject
Project("{FAE04EC0-301F-11D3-BF4B-00C04F79EFBC}") = "UnitTest", "UnitTest\UnitTest.csproj", "{1502A9B4-D27D-49E3-8F7F-B32A2FA8589C}"
EndProject
Project("{FAE04EC0-301F-11D3-BF4B-00C04F79EFBC}") = "WPFClient", "WPFClient\WPFClient.csproj", "{8A3822D2-71BB-488C-BBFA-C9C75E77F668}"
EndProject
Global
	GlobalSection(SolutionConfigurationPlatforms) = preSolution
		Debug|Any CPU = Debug|Any CPU
		Release|Any CPU = Release|Any CPU
	EndGlobalSection
	GlobalSection(ProjectConfigurationPlatforms) = postSolution
		{3B730804-F540-40D1-8CB8-86A729A86D4F}.Debug|Any CPU.ActiveCfg = Debug|Any CPU
		{3B730804-F540-40D1-8CB8-86A729A86D4F}.Debug|Any CPU.Build.0 = Debug|Any CPU
		{3B730804-F540-40D1-8CB8-86A729A86D4F}.Release|Any CPU.ActiveCfg = Release|Any CPU
		{3B730804-F540-40D1-8CB8-86A729A86D4F}.Release|Any CPU.Build.0 = Release|Any CPU
		{1502A9B4-D27D-49E3-8F7F-B32A2FA8589C}.Debug|Any CPU.ActiveCfg = Debug|Any CPU
		{1502A9B4-D27D-49E3-8F7F-B32A2FA8589C}.Debug|Any CPU.Build.0 = Debug|Any CPU
		{1502A9B4-D27D-49E3-8F7F-B32A2FA8589C}.Release|Any CPU.ActiveCfg = Release|Any CPU
		{1502A9B4-D27D-49E3-8F7F-B32A2FA8589C}.Release|Any CPU.Build.0 = Release|Any CPU
		{8A3822D2-71BB-488C-BBFA-C9C75E77F668}.Debug|Any CPU.ActiveCfg = Debug|Any CPU
		{8A3822D2-71BB-488C-BBFA-C9C75E77F668}.Debug|Any CPU.Build.0 = Debug|Any CPU
		{8A3822D2-71BB-488C-BBFA-C9C75E77F668}.Release|Any CPU.ActiveCfg = Release|Any CPU
		{8A3822D2-71BB-488C-BBFA-C9C75E77F668}.Release|Any CPU.Build.0 = Release|Any CPU
	EndGlobalSection
	GlobalSection(SolutionProperties) = preSolution
		HideSolutionNode = FALSE
	EndGlobalSection
EndGlobal
